
Microsoft Visual Studio Solution File, Format Version 12.00
# Visual Studio Version 17
VisualStudioVersion = 17.14.36414.22 d17.14
MinimumVisualStudioVersion = 10.0.40219.1
Project("{FAE04EC0-301F-11D3-BF4B-00C04F79EFBC}") = "ParcialPOO_CastilloJaseth_GraciasAlexandra", "ParcialPOO_CastilloJaseth_GraciasAlexandra\ParcialPOO_CastilloJaseth_GraciasAlexandra.csproj", "{E806BCAD-C68B-4A52-9FF0-7685BB5086EE}"
EndProject
Global
	GlobalSection(SolutionConfigurationPlatforms) = preSolution
		Debug|Any CPU = Debug|Any CPU
		Release|Any CPU = Release|Any CPU
	EndGlobalSection
	GlobalSection(ProjectConfigurationPlatforms) = postSolution
		{E806BCAD-C68B-4A52-9FF0-7685BB5086EE}.Debug|Any CPU.ActiveCfg = Debug|Any CPU
		{E806BCAD-C68B-4A52-9FF0-7685BB5086EE}.Debug|Any CPU.Build.0 = Debug|Any CPU
		{E806BCAD-C68B-4A52-9FF0-7685BB5086EE}.Release|Any CPU.ActiveCfg = Release|Any CPU
		{E806BCAD-C68B-4A52-9FF0-7685BB5086EE}.Release|Any CPU.Build.0 = Release|Any CPU
	EndGlobalSection
	GlobalSection(SolutionProperties) = preSolution
		HideSolutionNode = FALSE
	EndGlobalSection
	GlobalSection(ExtensibilityGlobals) = postSolution
		SolutionGuid = {BB6F00B2-853B-46C3-973E-E49979AFD77B}
	EndGlobalSection
EndGlobal
